
Microsoft Visual Studio Solution File, Format Version 12.00
# Visual Studio 14
VisualStudioVersion = 14.0.25123.0
MinimumVisualStudioVersion = 10.0.40219.1
Project("{FAE04EC0-301F-11D3-BF4B-00C04F79EFBC}") = "wcf_service", "wcf_class\wcf_service.csproj", "{A8A40721-9ACB-478B-8914-71DFE7F3FA5A}"
EndProject
Project("{FAE04EC0-301F-11D3-BF4B-00C04F79EFBC}") = "ConsoleApplication1", "ConsoleApplication1\ConsoleApplication1.csproj", "{A787E037-A29A-4A55-B137-B234A0ED3776}"
EndProject
Project("{FAE04EC0-301F-11D3-BF4B-00C04F79EFBC}") = "wcfClient", "wcfClient\wcfClient.csproj", "{58090E10-1B49-4D73-A6A8-3B62F2DA0453}"
EndProject
Global
	GlobalSection(SolutionConfigurationPlatforms) = preSolution
		Debug|Any CPU = Debug|Any CPU
		Release|Any CPU = Release|Any CPU
	EndGlobalSection
	GlobalSection(ProjectConfigurationPlatforms) = postSolution
		{A8A40721-9ACB-478B-8914-71DFE7F3FA5A}.Debug|Any CPU.ActiveCfg = Debug|Any CPU
		{A8A40721-9ACB-478B-8914-71DFE7F3FA5A}.Debug|Any CPU.Build.0 = Debug|Any CPU
		{A8A40721-9ACB-478B-8914-71DFE7F3FA5A}.Release|Any CPU.ActiveCfg = Release|Any CPU
		{A8A40721-9ACB-478B-8914-71DFE7F3FA5A}.Release|Any CPU.Build.0 = Release|Any CPU
		{A787E037-A29A-4A55-B137-B234A0ED3776}.Debug|Any CPU.ActiveCfg = Debug|Any CPU
		{A787E037-A29A-4A55-B137-B234A0ED3776}.Debug|Any CPU.Build.0 = Debug|Any CPU
		{A787E037-A29A-4A55-B137-B234A0ED3776}.Release|Any CPU.ActiveCfg = Release|Any CPU
		{A787E037-A29A-4A55-B137-B234A0ED3776}.Release|Any CPU.Build.0 = Release|Any CPU
		{58090E10-1B49-4D73-A6A8-3B62F2DA0453}.Debug|Any CPU.ActiveCfg = Debug|Any CPU
		{58090E10-1B49-4D73-A6A8-3B62F2DA0453}.Debug|Any CPU.Build.0 = Debug|Any CPU
		{58090E10-1B49-4D73-A6A8-3B62F2DA0453}.Release|Any CPU.ActiveCfg = Release|Any CPU
		{58090E10-1B49-4D73-A6A8-3B62F2DA0453}.Release|Any CPU.Build.0 = Release|Any CPU
	EndGlobalSection
	GlobalSection(SolutionProperties) = preSolution
		HideSolutionNode = FALSE
	EndGlobalSection
EndGlobal
