
Microsoft Visual Studio Solution File, Format Version 12.00
# Visual Studio 14
VisualStudioVersion = 14.0.25123.0
MinimumVisualStudioVersion = 10.0.40219.1
Project("{FAE04EC0-301F-11D3-BF4B-00C04F79EFBC}") = "sample_lms", "sample_lms\sample_lms.csproj", "{57F8059C-AEE3-42B3-86EF-EA03F7ED9EBA}"
EndProject
Project("{FAE04EC0-301F-11D3-BF4B-00C04F79EFBC}") = "data_access_layer", "data_access_layer\data_access_layer.csproj", "{BD13319C-0FE1-4D56-8DDC-1B07850123FE}"
EndProject
Project("{FAE04EC0-301F-11D3-BF4B-00C04F79EFBC}") = "business_layer", "business_layer\business_layer.csproj", "{2C6CF06C-EEA8-4393-B1DE-299C8B3C74C4}"
EndProject
Global
	GlobalSection(SolutionConfigurationPlatforms) = preSolution
		Debug|Any CPU = Debug|Any CPU
		Release|Any CPU = Release|Any CPU
	EndGlobalSection
	GlobalSection(ProjectConfigurationPlatforms) = postSolution
		{57F8059C-AEE3-42B3-86EF-EA03F7ED9EBA}.Debug|Any CPU.ActiveCfg = Debug|Any CPU
		{57F8059C-AEE3-42B3-86EF-EA03F7ED9EBA}.Debug|Any CPU.Build.0 = Debug|Any CPU
		{57F8059C-AEE3-42B3-86EF-EA03F7ED9EBA}.Release|Any CPU.ActiveCfg = Release|Any CPU
		{57F8059C-AEE3-42B3-86EF-EA03F7ED9EBA}.Release|Any CPU.Build.0 = Release|Any CPU
		{BD13319C-0FE1-4D56-8DDC-1B07850123FE}.Debug|Any CPU.ActiveCfg = Debug|Any CPU
		{BD13319C-0FE1-4D56-8DDC-1B07850123FE}.Debug|Any CPU.Build.0 = Debug|Any CPU
		{BD13319C-0FE1-4D56-8DDC-1B07850123FE}.Release|Any CPU.ActiveCfg = Release|Any CPU
		{BD13319C-0FE1-4D56-8DDC-1B07850123FE}.Release|Any CPU.Build.0 = Release|Any CPU
		{2C6CF06C-EEA8-4393-B1DE-299C8B3C74C4}.Debug|Any CPU.ActiveCfg = Debug|Any CPU
		{2C6CF06C-EEA8-4393-B1DE-299C8B3C74C4}.Debug|Any CPU.Build.0 = Debug|Any CPU
		{2C6CF06C-EEA8-4393-B1DE-299C8B3C74C4}.Release|Any CPU.ActiveCfg = Release|Any CPU
		{2C6CF06C-EEA8-4393-B1DE-299C8B3C74C4}.Release|Any CPU.Build.0 = Release|Any CPU
	EndGlobalSection
	GlobalSection(SolutionProperties) = preSolution
		HideSolutionNode = FALSE
	EndGlobalSection
EndGlobal
