
Microsoft Visual Studio Solution File, Format Version 12.00
# Visual Studio 14
VisualStudioVersion = 14.0.25123.0
MinimumVisualStudioVersion = 10.0.40219.1
Project("{FAE04EC0-301F-11D3-BF4B-00C04F79EFBC}") = "ConsoleApplication1", "ConsoleApplication1\ConsoleApplication1.csproj", "{6C350312-B841-450A-AF16-04C02CF2BC7D}"
EndProject
Project("{FAE04EC0-301F-11D3-BF4B-00C04F79EFBC}") = "testing.test", "testing.test\testing.test.csproj", "{F7E068BF-86BA-4AF8-8F6E-EC6211F68858}"
EndProject
Global
	GlobalSection(SolutionConfigurationPlatforms) = preSolution
		Debug|Any CPU = Debug|Any CPU
		Release|Any CPU = Release|Any CPU
	EndGlobalSection
	GlobalSection(ProjectConfigurationPlatforms) = postSolution
		{6C350312-B841-450A-AF16-04C02CF2BC7D}.Debug|Any CPU.ActiveCfg = Debug|Any CPU
		{6C350312-B841-450A-AF16-04C02CF2BC7D}.Debug|Any CPU.Build.0 = Debug|Any CPU
		{6C350312-B841-450A-AF16-04C02CF2BC7D}.Release|Any CPU.ActiveCfg = Release|Any CPU
		{6C350312-B841-450A-AF16-04C02CF2BC7D}.Release|Any CPU.Build.0 = Release|Any CPU
		{F7E068BF-86BA-4AF8-8F6E-EC6211F68858}.Debug|Any CPU.ActiveCfg = Debug|Any CPU
		{F7E068BF-86BA-4AF8-8F6E-EC6211F68858}.Debug|Any CPU.Build.0 = Debug|Any CPU
		{F7E068BF-86BA-4AF8-8F6E-EC6211F68858}.Release|Any CPU.ActiveCfg = Release|Any CPU
		{F7E068BF-86BA-4AF8-8F6E-EC6211F68858}.Release|Any CPU.Build.0 = Release|Any CPU
	EndGlobalSection
	GlobalSection(SolutionProperties) = preSolution
		HideSolutionNode = FALSE
	EndGlobalSection
EndGlobal
