
Microsoft Visual Studio Solution File, Format Version 12.00
# Visual Studio 14
VisualStudioVersion = 14.0.25123.0
MinimumVisualStudioVersion = 10.0.40219.1
Project("{FAE04EC0-301F-11D3-BF4B-00C04F79EFBC}") = "jquery_jason", "jquery_jason\jquery_jason.csproj", "{AED31348-7CDF-4121-B277-22BB912D7CB7}"
EndProject
Global
	GlobalSection(SolutionConfigurationPlatforms) = preSolution
		Debug|Any CPU = Debug|Any CPU
		Release|Any CPU = Release|Any CPU
	EndGlobalSection
	GlobalSection(ProjectConfigurationPlatforms) = postSolution
		{AED31348-7CDF-4121-B277-22BB912D7CB7}.Debug|Any CPU.ActiveCfg = Debug|Any CPU
		{AED31348-7CDF-4121-B277-22BB912D7CB7}.Debug|Any CPU.Build.0 = Debug|Any CPU
		{AED31348-7CDF-4121-B277-22BB912D7CB7}.Release|Any CPU.ActiveCfg = Release|Any CPU
		{AED31348-7CDF-4121-B277-22BB912D7CB7}.Release|Any CPU.Build.0 = Release|Any CPU
	EndGlobalSection
	GlobalSection(SolutionProperties) = preSolution
		HideSolutionNode = FALSE
	EndGlobalSection
EndGlobal
